
Microsoft Visual Studio Solution File, Format Version 12.00
# Visual Studio Version 17
VisualStudioVersion = 17.7.34024.191
MinimumVisualStudioVersion = 10.0.40219.1
Project("{9A19103F-16F7-4668-BE54-9A1E7A4F7556}") = "Http_Trigger_Github", "Http_Trigger_Github.csproj", "{A684E185-3FB4-4BED-82E9-B5C8D1B228CE}"
EndProject
Global
	GlobalSection(SolutionConfigurationPlatforms) = preSolution
		Debug|Any CPU = Debug|Any CPU
		Release|Any CPU = Release|Any CPU
	EndGlobalSection
	GlobalSection(ProjectConfigurationPlatforms) = postSolution
		{A684E185-3FB4-4BED-82E9-B5C8D1B228CE}.Debug|Any CPU.ActiveCfg = Debug|Any CPU
		{A684E185-3FB4-4BED-82E9-B5C8D1B228CE}.Debug|Any CPU.Build.0 = Debug|Any CPU
		{A684E185-3FB4-4BED-82E9-B5C8D1B228CE}.Release|Any CPU.ActiveCfg = Release|Any CPU
		{A684E185-3FB4-4BED-82E9-B5C8D1B228CE}.Release|Any CPU.Build.0 = Release|Any CPU
	EndGlobalSection
	GlobalSection(SolutionProperties) = preSolution
		HideSolutionNode = FALSE
	EndGlobalSection
	GlobalSection(ExtensibilityGlobals) = postSolution
		SolutionGuid = {AD0BC055-1304-4709-BCDB-277E430537E1}
	EndGlobalSection
EndGlobal
